
Microsoft Visual Studio Solution File, Format Version 12.00
# Visual Studio Version 17
VisualStudioVersion = 17.10.35013.160
MinimumVisualStudioVersion = 10.0.40219.1
Project("{FAE04EC0-301F-11D3-BF4B-00C04F79EFBC}") = "FundamentoCsharp.Console", "FundamentoCsharp.Console\FundamentoCsharp.Console.csproj", "{81520DA0-00A8-4491-8CF6-71C62D370725}"
EndProject
Global
	GlobalSection(SolutionConfigurationPlatforms) = preSolution
		Debug|Any CPU = Debug|Any CPU
		Release|Any CPU = Release|Any CPU
	EndGlobalSection
	GlobalSection(ProjectConfigurationPlatforms) = postSolution
		{81520DA0-00A8-4491-8CF6-71C62D370725}.Debug|Any CPU.ActiveCfg = Debug|Any CPU
		{81520DA0-00A8-4491-8CF6-71C62D370725}.Debug|Any CPU.Build.0 = Debug|Any CPU
		{81520DA0-00A8-4491-8CF6-71C62D370725}.Release|Any CPU.ActiveCfg = Release|Any CPU
		{81520DA0-00A8-4491-8CF6-71C62D370725}.Release|Any CPU.Build.0 = Release|Any CPU
	EndGlobalSection
	GlobalSection(SolutionProperties) = preSolution
		HideSolutionNode = FALSE
	EndGlobalSection
	GlobalSection(ExtensibilityGlobals) = postSolution
		SolutionGuid = {5249D980-9076-45DE-ACE9-116EF9358FDB}
	EndGlobalSection
EndGlobal
